
Microsoft Visual Studio Solution File, Format Version 12.00
# Visual Studio Version 16
VisualStudioVersion = 16.0.29418.71
MinimumVisualStudioVersion = 10.0.40219.1
Project("{FAE04EC0-301F-11D3-BF4B-00C04F79EFBC}") = "SimpleRepo.API", "SimpleRepo.API\SimpleRepo.API.csproj", "{D58F01B0-9A1C-442E-A859-8BD762F4F677}"
EndProject
Project("{FAE04EC0-301F-11D3-BF4B-00C04F79EFBC}") = "SimpleRepo.Client", "SimpleRepo.Client\SimpleRepo.Client.csproj", "{C9CE131F-77EA-4458-BC1E-063AD5BE790D}"
EndProject
Global
	GlobalSection(SolutionConfigurationPlatforms) = preSolution
		Debug|Any CPU = Debug|Any CPU
		Release|Any CPU = Release|Any CPU
	EndGlobalSection
	GlobalSection(ProjectConfigurationPlatforms) = postSolution
		{D58F01B0-9A1C-442E-A859-8BD762F4F677}.Debug|Any CPU.ActiveCfg = Debug|Any CPU
		{D58F01B0-9A1C-442E-A859-8BD762F4F677}.Debug|Any CPU.Build.0 = Debug|Any CPU
		{D58F01B0-9A1C-442E-A859-8BD762F4F677}.Release|Any CPU.ActiveCfg = Release|Any CPU
		{D58F01B0-9A1C-442E-A859-8BD762F4F677}.Release|Any CPU.Build.0 = Release|Any CPU
		{C9CE131F-77EA-4458-BC1E-063AD5BE790D}.Debug|Any CPU.ActiveCfg = Debug|Any CPU
		{C9CE131F-77EA-4458-BC1E-063AD5BE790D}.Debug|Any CPU.Build.0 = Debug|Any CPU
		{C9CE131F-77EA-4458-BC1E-063AD5BE790D}.Release|Any CPU.ActiveCfg = Release|Any CPU
		{C9CE131F-77EA-4458-BC1E-063AD5BE790D}.Release|Any CPU.Build.0 = Release|Any CPU
	EndGlobalSection
	GlobalSection(SolutionProperties) = preSolution
		HideSolutionNode = FALSE
	EndGlobalSection
	GlobalSection(ExtensibilityGlobals) = postSolution
		SolutionGuid = {AF33F1C7-F2C7-4B1B-9516-2082B2361641}
	EndGlobalSection
EndGlobal
